
Microsoft Visual Studio Solution File, Format Version 12.00
# Visual Studio Version 16
VisualStudioVersion = 16.0.29806.167
MinimumVisualStudioVersion = 10.0.40219.1
Project("{FAE04EC0-301F-11D3-BF4B-00C04F79EFBC}") = "cw2", "cw2\cw2.csproj", "{8C15B7C5-8EE0-4C5B-825D-89C6DF392E59}"
EndProject
Global
	GlobalSection(SolutionConfigurationPlatforms) = preSolution
		Debug|Any CPU = Debug|Any CPU
		Release|Any CPU = Release|Any CPU
	EndGlobalSection
	GlobalSection(ProjectConfigurationPlatforms) = postSolution
		{8C15B7C5-8EE0-4C5B-825D-89C6DF392E59}.Debug|Any CPU.ActiveCfg = Debug|Any CPU
		{8C15B7C5-8EE0-4C5B-825D-89C6DF392E59}.Debug|Any CPU.Build.0 = Debug|Any CPU
		{8C15B7C5-8EE0-4C5B-825D-89C6DF392E59}.Release|Any CPU.ActiveCfg = Release|Any CPU
		{8C15B7C5-8EE0-4C5B-825D-89C6DF392E59}.Release|Any CPU.Build.0 = Release|Any CPU
	EndGlobalSection
	GlobalSection(SolutionProperties) = preSolution
		HideSolutionNode = FALSE
	EndGlobalSection
	GlobalSection(ExtensibilityGlobals) = postSolution
		SolutionGuid = {2DAF8DA7-32F5-4F86-BB35-23816700F5D8}
	EndGlobalSection
EndGlobal
